
Microsoft Visual Studio Solution File, Format Version 12.00
# Visual Studio Version 17
VisualStudioVersion = 17.3.32929.385
MinimumVisualStudioVersion = 10.0.40219.1
Project("{9A19103F-16F7-4668-BE54-9A1E7A4F7556}") = "Exercise_7", "C-Sharp Exercises\Exercise_7.csproj", "{BE781B4F-07BD-4301-A631-50CE38C7B4CA}"
EndProject
Project("{9A19103F-16F7-4668-BE54-9A1E7A4F7556}") = "Exercise_8", "Exercise_8\Exercise_8.csproj", "{7750B786-79A4-48C0-9620-F39C1AD68001}"
EndProject
Project("{9A19103F-16F7-4668-BE54-9A1E7A4F7556}") = "Exercise_9", "Exercise_9\Exercise_9.csproj", "{1E9E8DDF-1F28-4466-9F83-FFAAB16CC71D}"
EndProject
Project("{9A19103F-16F7-4668-BE54-9A1E7A4F7556}") = "Exercise_10", "Exercise_10\Exercise_10.csproj", "{AC721892-C716-44A3-8FF7-E64BC13E6408}"
EndProject
Project("{9A19103F-16F7-4668-BE54-9A1E7A4F7556}") = "Exercise_11", "Exercise 11\Exercise_11.csproj", "{2F814D73-7213-49F1-9052-08055212D870}"
EndProject
Project("{9A19103F-16F7-4668-BE54-9A1E7A4F7556}") = "Exercise_12", "Exercise 12\Exercise_12.csproj", "{61CB78FE-A0C4-4C3B-BA95-115BDFD61B44}"
EndProject
Project("{9A19103F-16F7-4668-BE54-9A1E7A4F7556}") = "Exercise_13", "Exercise_13\Exercise_13.csproj", "{A99438E4-3128-4A5F-A11D-C25936D0D754}"
EndProject
Project("{9A19103F-16F7-4668-BE54-9A1E7A4F7556}") = "Exercise_14", "Exercise_14\Exercise_14.csproj", "{6141915B-27A0-4731-8013-0642A71819FF}"
EndProject
Project("{9A19103F-16F7-4668-BE54-9A1E7A4F7556}") = "Exercise_15", "Exercise_15\Exercise_15.csproj", "{810E2B19-AC4B-45F8-B46D-FC6133BF8347}"
EndProject
Project("{9A19103F-16F7-4668-BE54-9A1E7A4F7556}") = "Exercise_16", "Exercise_16\Exercise_16.csproj", "{3E61B08E-9CD6-471F-B8BE-72306B2F4110}"
EndProject
Project("{9A19103F-16F7-4668-BE54-9A1E7A4F7556}") = "Exercise_17", "Exercise_17\Exercise_17.csproj", "{62B4BDE8-B626-4509-AEF1-272DC01344E7}"
EndProject
Project("{9A19103F-16F7-4668-BE54-9A1E7A4F7556}") = "Exercise_18", "Exercise_18\Exercise_18.csproj", "{B6110CE9-20AF-4061-9AB5-C79555212A25}"
EndProject
Project("{9A19103F-16F7-4668-BE54-9A1E7A4F7556}") = "Exercise_19", "Exercise_19\Exercise_19.csproj", "{FD93576C-7656-4E37-AD95-64735540CB13}"
EndProject
Project("{9A19103F-16F7-4668-BE54-9A1E7A4F7556}") = "Exercise_20", "Exercise_20\Exercise_20.csproj", "{FEDE6EF5-B014-4A36-85C9-182C69C5CBDB}"
EndProject
Project("{9A19103F-16F7-4668-BE54-9A1E7A4F7556}") = "Exercise_21", "Exercise_21\Exercise_21.csproj", "{950E1044-1E04-4BDD-8CE7-DFBF5E6CD107}"
EndProject
Project("{9A19103F-16F7-4668-BE54-9A1E7A4F7556}") = "Exercise_22", "Exercise_22\Exercise_22.csproj", "{65D42255-E642-4D47-8FCB-ADF39F3B9FF8}"
EndProject
Project("{9A19103F-16F7-4668-BE54-9A1E7A4F7556}") = "Exercise_23", "Exercise_23\Exercise_23.csproj", "{6C43E0C3-EBB5-417C-A661-D4CD2A6CACA4}"
EndProject
Project("{9A19103F-16F7-4668-BE54-9A1E7A4F7556}") = "Exercise_24", "Exercise_24\Exercise_24.csproj", "{0E04F1B7-6331-46A5-B503-FA6A0AC19E5B}"
EndProject
Project("{9A19103F-16F7-4668-BE54-9A1E7A4F7556}") = "Loop_13", "Loop_13\Loop_13.csproj", "{D508B247-1E54-4BD9-8843-FE2159FA804A}"
EndProject
Project("{9A19103F-16F7-4668-BE54-9A1E7A4F7556}") = "Exercise_25", "Exercise_25\Exercise_25.csproj", "{518E7E4E-638B-41B4-A7CB-42F9BAC99091}"
EndProject
Project("{9A19103F-16F7-4668-BE54-9A1E7A4F7556}") = "Exercise_26", "Exercise_26\Exercise_26.csproj", "{31E14F42-566F-49CB-8B2D-1DFFA3381164}"
EndProject
Project("{9A19103F-16F7-4668-BE54-9A1E7A4F7556}") = "Exercise_27", "Exercise_27\Exercise_27.csproj", "{717A8842-B3F9-4F0C-84C7-F129D3F402EF}"
EndProject
Project("{9A19103F-16F7-4668-BE54-9A1E7A4F7556}") = "Exercise_28", "Exercise_28\Exercise_28.csproj", "{DE99345B-C5D7-4FB1-8D58-DC92C4EC2426}"
EndProject
Global
	GlobalSection(SolutionConfigurationPlatforms) = preSolution
		Debug|Any CPU = Debug|Any CPU
		Release|Any CPU = Release|Any CPU
	EndGlobalSection
	GlobalSection(ProjectConfigurationPlatforms) = postSolution
		{BE781B4F-07BD-4301-A631-50CE38C7B4CA}.Debug|Any CPU.ActiveCfg = Debug|Any CPU
		{BE781B4F-07BD-4301-A631-50CE38C7B4CA}.Debug|Any CPU.Build.0 = Debug|Any CPU
		{BE781B4F-07BD-4301-A631-50CE38C7B4CA}.Release|Any CPU.ActiveCfg = Release|Any CPU
		{BE781B4F-07BD-4301-A631-50CE38C7B4CA}.Release|Any CPU.Build.0 = Release|Any CPU
		{7750B786-79A4-48C0-9620-F39C1AD68001}.Debug|Any CPU.ActiveCfg = Debug|Any CPU
		{7750B786-79A4-48C0-9620-F39C1AD68001}.Debug|Any CPU.Build.0 = Debug|Any CPU
		{7750B786-79A4-48C0-9620-F39C1AD68001}.Release|Any CPU.ActiveCfg = Release|Any CPU
		{7750B786-79A4-48C0-9620-F39C1AD68001}.Release|Any CPU.Build.0 = Release|Any CPU
		{1E9E8DDF-1F28-4466-9F83-FFAAB16CC71D}.Debug|Any CPU.ActiveCfg = Debug|Any CPU
		{1E9E8DDF-1F28-4466-9F83-FFAAB16CC71D}.Debug|Any CPU.Build.0 = Debug|Any CPU
		{1E9E8DDF-1F28-4466-9F83-FFAAB16CC71D}.Release|Any CPU.ActiveCfg = Release|Any CPU
		{1E9E8DDF-1F28-4466-9F83-FFAAB16CC71D}.Release|Any CPU.Build.0 = Release|Any CPU
		{AC721892-C716-44A3-8FF7-E64BC13E6408}.Debug|Any CPU.ActiveCfg = Debug|Any CPU
		{AC721892-C716-44A3-8FF7-E64BC13E6408}.Debug|Any CPU.Build.0 = Debug|Any CPU
		{AC721892-C716-44A3-8FF7-E64BC13E6408}.Release|Any CPU.ActiveCfg = Release|Any CPU
		{AC721892-C716-44A3-8FF7-E64BC13E6408}.Release|Any CPU.Build.0 = Release|Any CPU
		{2F814D73-7213-49F1-9052-08055212D870}.Debug|Any CPU.ActiveCfg = Debug|Any CPU
		{2F814D73-7213-49F1-9052-08055212D870}.Debug|Any CPU.Build.0 = Debug|Any CPU
		{2F814D73-7213-49F1-9052-08055212D870}.Release|Any CPU.ActiveCfg = Release|Any CPU
		{2F814D73-7213-49F1-9052-08055212D870}.Release|Any CPU.Build.0 = Release|Any CPU
		{61CB78FE-A0C4-4C3B-BA95-115BDFD61B44}.Debug|Any CPU.ActiveCfg = Debug|Any CPU
		{61CB78FE-A0C4-4C3B-BA95-115BDFD61B44}.Debug|Any CPU.Build.0 = Debug|Any CPU
		{61CB78FE-A0C4-4C3B-BA95-115BDFD61B44}.Release|Any CPU.ActiveCfg = Release|Any CPU
		{61CB78FE-A0C4-4C3B-BA95-115BDFD61B44}.Release|Any CPU.Build.0 = Release|Any CPU
		{A99438E4-3128-4A5F-A11D-C25936D0D754}.Debug|Any CPU.ActiveCfg = Debug|Any CPU
		{A99438E4-3128-4A5F-A11D-C25936D0D754}.Debug|Any CPU.Build.0 = Debug|Any CPU
		{A99438E4-3128-4A5F-A11D-C25936D0D754}.Release|Any CPU.ActiveCfg = Release|Any CPU
		{A99438E4-3128-4A5F-A11D-C25936D0D754}.Release|Any CPU.Build.0 = Release|Any CPU
		{6141915B-27A0-4731-8013-0642A71819FF}.Debug|Any CPU.ActiveCfg = Debug|Any CPU
		{6141915B-27A0-4731-8013-0642A71819FF}.Debug|Any CPU.Build.0 = Debug|Any CPU
		{6141915B-27A0-4731-8013-0642A71819FF}.Release|Any CPU.ActiveCfg = Release|Any CPU
		{6141915B-27A0-4731-8013-0642A71819FF}.Release|Any CPU.Build.0 = Release|Any CPU
		{810E2B19-AC4B-45F8-B46D-FC6133BF8347}.Debug|Any CPU.ActiveCfg = Debug|Any CPU
		{810E2B19-AC4B-45F8-B46D-FC6133BF8347}.Debug|Any CPU.Build.0 = Debug|Any CPU
		{810E2B19-AC4B-45F8-B46D-FC6133BF8347}.Release|Any CPU.ActiveCfg = Release|Any CPU
		{810E2B19-AC4B-45F8-B46D-FC6133BF8347}.Release|Any CPU.Build.0 = Release|Any CPU
		{3E61B08E-9CD6-471F-B8BE-72306B2F4110}.Debug|Any CPU.ActiveCfg = Debug|Any CPU
		{3E61B08E-9CD6-471F-B8BE-72306B2F4110}.Debug|Any CPU.Build.0 = Debug|Any CPU
		{3E61B08E-9CD6-471F-B8BE-72306B2F4110}.Release|Any CPU.ActiveCfg = Release|Any CPU
		{3E61B08E-9CD6-471F-B8BE-72306B2F4110}.Release|Any CPU.Build.0 = Release|Any CPU
		{62B4BDE8-B626-4509-AEF1-272DC01344E7}.Debug|Any CPU.ActiveCfg = Debug|Any CPU
		{62B4BDE8-B626-4509-AEF1-272DC01344E7}.Debug|Any CPU.Build.0 = Debug|Any CPU
		{62B4BDE8-B626-4509-AEF1-272DC01344E7}.Release|Any CPU.ActiveCfg = Release|Any CPU
		{62B4BDE8-B626-4509-AEF1-272DC01344E7}.Release|Any CPU.Build.0 = Release|Any CPU
		{B6110CE9-20AF-4061-9AB5-C79555212A25}.Debug|Any CPU.ActiveCfg = Debug|Any CPU
		{B6110CE9-20AF-4061-9AB5-C79555212A25}.Debug|Any CPU.Build.0 = Debug|Any CPU
		{B6110CE9-20AF-4061-9AB5-C79555212A25}.Release|Any CPU.ActiveCfg = Release|Any CPU
		{B6110CE9-20AF-4061-9AB5-C79555212A25}.Release|Any CPU.Build.0 = Release|Any CPU
		{FD93576C-7656-4E37-AD95-64735540CB13}.Debug|Any CPU.ActiveCfg = Debug|Any CPU
		{FD93576C-7656-4E37-AD95-64735540CB13}.Debug|Any CPU.Build.0 = Debug|Any CPU
		{FD93576C-7656-4E37-AD95-64735540CB13}.Release|Any CPU.ActiveCfg = Release|Any CPU
		{FD93576C-7656-4E37-AD95-64735540CB13}.Release|Any CPU.Build.0 = Release|Any CPU
		{FEDE6EF5-B014-4A36-85C9-182C69C5CBDB}.Debug|Any CPU.ActiveCfg = Debug|Any CPU
		{FEDE6EF5-B014-4A36-85C9-182C69C5CBDB}.Debug|Any CPU.Build.0 = Debug|Any CPU
		{FEDE6EF5-B014-4A36-85C9-182C69C5CBDB}.Release|Any CPU.ActiveCfg = Release|Any CPU
		{FEDE6EF5-B014-4A36-85C9-182C69C5CBDB}.Release|Any CPU.Build.0 = Release|Any CPU
		{950E1044-1E04-4BDD-8CE7-DFBF5E6CD107}.Debug|Any CPU.ActiveCfg = Debug|Any CPU
		{950E1044-1E04-4BDD-8CE7-DFBF5E6CD107}.Debug|Any CPU.Build.0 = Debug|Any CPU
		{950E1044-1E04-4BDD-8CE7-DFBF5E6CD107}.Release|Any CPU.ActiveCfg = Release|Any CPU
		{950E1044-1E04-4BDD-8CE7-DFBF5E6CD107}.Release|Any CPU.Build.0 = Release|Any CPU
		{65D42255-E642-4D47-8FCB-ADF39F3B9FF8}.Debug|Any CPU.ActiveCfg = Debug|Any CPU
		{65D42255-E642-4D47-8FCB-ADF39F3B9FF8}.Debug|Any CPU.Build.0 = Debug|Any CPU
		{65D42255-E642-4D47-8FCB-ADF39F3B9FF8}.Release|Any CPU.ActiveCfg = Release|Any CPU
		{65D42255-E642-4D47-8FCB-ADF39F3B9FF8}.Release|Any CPU.Build.0 = Release|Any CPU
		{6C43E0C3-EBB5-417C-A661-D4CD2A6CACA4}.Debug|Any CPU.ActiveCfg = Debug|Any CPU
		{6C43E0C3-EBB5-417C-A661-D4CD2A6CACA4}.Debug|Any CPU.Build.0 = Debug|Any CPU
		{6C43E0C3-EBB5-417C-A661-D4CD2A6CACA4}.Release|Any CPU.ActiveCfg = Release|Any CPU
		{6C43E0C3-EBB5-417C-A661-D4CD2A6CACA4}.Release|Any CPU.Build.0 = Release|Any CPU
		{0E04F1B7-6331-46A5-B503-FA6A0AC19E5B}.Debug|Any CPU.ActiveCfg = Debug|Any CPU
		{0E04F1B7-6331-46A5-B503-FA6A0AC19E5B}.Debug|Any CPU.Build.0 = Debug|Any CPU
		{0E04F1B7-6331-46A5-B503-FA6A0AC19E5B}.Release|Any CPU.ActiveCfg = Release|Any CPU
		{0E04F1B7-6331-46A5-B503-FA6A0AC19E5B}.Release|Any CPU.Build.0 = Release|Any CPU
		{D508B247-1E54-4BD9-8843-FE2159FA804A}.Debug|Any CPU.ActiveCfg = Debug|Any CPU
		{D508B247-1E54-4BD9-8843-FE2159FA804A}.Debug|Any CPU.Build.0 = Debug|Any CPU
		{D508B247-1E54-4BD9-8843-FE2159FA804A}.Release|Any CPU.ActiveCfg = Release|Any CPU
		{D508B247-1E54-4BD9-8843-FE2159FA804A}.Release|Any CPU.Build.0 = Release|Any CPU
		{518E7E4E-638B-41B4-A7CB-42F9BAC99091}.Debug|Any CPU.ActiveCfg = Debug|Any CPU
		{518E7E4E-638B-41B4-A7CB-42F9BAC99091}.Debug|Any CPU.Build.0 = Debug|Any CPU
		{518E7E4E-638B-41B4-A7CB-42F9BAC99091}.Release|Any CPU.ActiveCfg = Release|Any CPU
		{518E7E4E-638B-41B4-A7CB-42F9BAC99091}.Release|Any CPU.Build.0 = Release|Any CPU
		{31E14F42-566F-49CB-8B2D-1DFFA3381164}.Debug|Any CPU.ActiveCfg = Debug|Any CPU
		{31E14F42-566F-49CB-8B2D-1DFFA3381164}.Debug|Any CPU.Build.0 = Debug|Any CPU
		{31E14F42-566F-49CB-8B2D-1DFFA3381164}.Release|Any CPU.ActiveCfg = Release|Any CPU
		{31E14F42-566F-49CB-8B2D-1DFFA3381164}.Release|Any CPU.Build.0 = Release|Any CPU
		{717A8842-B3F9-4F0C-84C7-F129D3F402EF}.Debug|Any CPU.ActiveCfg = Debug|Any CPU
		{717A8842-B3F9-4F0C-84C7-F129D3F402EF}.Debug|Any CPU.Build.0 = Debug|Any CPU
		{717A8842-B3F9-4F0C-84C7-F129D3F402EF}.Release|Any CPU.ActiveCfg = Release|Any CPU
		{717A8842-B3F9-4F0C-84C7-F129D3F402EF}.Release|Any CPU.Build.0 = Release|Any CPU
		{DE99345B-C5D7-4FB1-8D58-DC92C4EC2426}.Debug|Any CPU.ActiveCfg = Debug|Any CPU
		{DE99345B-C5D7-4FB1-8D58-DC92C4EC2426}.Debug|Any CPU.Build.0 = Debug|Any CPU
		{DE99345B-C5D7-4FB1-8D58-DC92C4EC2426}.Release|Any CPU.ActiveCfg = Release|Any CPU
		{DE99345B-C5D7-4FB1-8D58-DC92C4EC2426}.Release|Any CPU.Build.0 = Release|Any CPU
	EndGlobalSection
	GlobalSection(SolutionProperties) = preSolution
		HideSolutionNode = FALSE
	EndGlobalSection
	GlobalSection(ExtensibilityGlobals) = postSolution
		SolutionGuid = {BE7F05A4-E195-4B38-89AB-25AC747B3EB8}
	EndGlobalSection
EndGlobal
